
Microsoft Visual Studio Solution File, Format Version 12.00
# Visual Studio Version 16
VisualStudioVersion = 16.0.31410.357
MinimumVisualStudioVersion = 10.0.40219.1
Project("{9A19103F-16F7-4668-BE54-9A1E7A4F7556}") = "FirstApp", "FirstApp\FirstApp.csproj", "{A3F8562B-DF72-4599-8915-E37F4A1CCAFC}"
EndProject
Project("{FAE04EC0-301F-11D3-BF4B-00C04F79EFBC}") = "FirstAppTests", "FirstAppTests\FirstAppTests.csproj", "{3FA45620-D532-4CB4-B74C-FDB4DF9455DF}"
EndProject
Global
	GlobalSection(SolutionConfigurationPlatforms) = preSolution
		Debug|Any CPU = Debug|Any CPU
		Release|Any CPU = Release|Any CPU
	EndGlobalSection
	GlobalSection(ProjectConfigurationPlatforms) = postSolution
		{A3F8562B-DF72-4599-8915-E37F4A1CCAFC}.Debug|Any CPU.ActiveCfg = Debug|Any CPU
		{A3F8562B-DF72-4599-8915-E37F4A1CCAFC}.Debug|Any CPU.Build.0 = Debug|Any CPU
		{A3F8562B-DF72-4599-8915-E37F4A1CCAFC}.Release|Any CPU.ActiveCfg = Release|Any CPU
		{A3F8562B-DF72-4599-8915-E37F4A1CCAFC}.Release|Any CPU.Build.0 = Release|Any CPU
		{3FA45620-D532-4CB4-B74C-FDB4DF9455DF}.Debug|Any CPU.ActiveCfg = Debug|Any CPU
		{3FA45620-D532-4CB4-B74C-FDB4DF9455DF}.Debug|Any CPU.Build.0 = Debug|Any CPU
		{3FA45620-D532-4CB4-B74C-FDB4DF9455DF}.Release|Any CPU.ActiveCfg = Release|Any CPU
		{3FA45620-D532-4CB4-B74C-FDB4DF9455DF}.Release|Any CPU.Build.0 = Release|Any CPU
	EndGlobalSection
	GlobalSection(SolutionProperties) = preSolution
		HideSolutionNode = FALSE
	EndGlobalSection
	GlobalSection(ExtensibilityGlobals) = postSolution
		SolutionGuid = {42EEA982-3836-4E11-B781-2B977973F915}
	EndGlobalSection
EndGlobal
